PODS:
  - StripeTerminal (3.0.0-b7)

DEPENDENCIES:
  - StripeTerminal (from `https://stripe-terminal-beta-sdk.s3.amazonaws.com/ios/v3.0.0-b7-a908b1d232da93de7e3f106205e4331b3ac9847231e5a3161942f292d6683d54.podspec`)

EXTERNAL SOURCES:
  StripeTerminal:
    :podspec: https://stripe-terminal-beta-sdk.s3.amazonaws.com/ios/v3.0.0-b7-a908b1d232da93de7e3f106205e4331b3ac9847231e5a3161942f292d6683d54.podspec

SPEC CHECKSUMS:
  StripeTerminal: e6f7c9345c9efac177e9de31f1cb989fc500d2ad

PODFILE CHECKSUM: f7cc5d73cf29cbcebf76fbc6c8690b933ae239a2

COCOAPODS: 1.11.3
