PODS:
  - StripeTerminal (3.0.0-b4)

DEPENDENCIES:
  - StripeTerminal (from `https://stripe-terminal-beta-sdk.s3.amazonaws.com/ios/v3.0.0-b4-3a04af8dba55cf8cb18ec89ba2b64b3b84972828615b885229d4ffc7c4470afc.podspec`)

EXTERNAL SOURCES:
  StripeTerminal:
    :podspec: https://stripe-terminal-beta-sdk.s3.amazonaws.com/ios/v3.0.0-b4-3a04af8dba55cf8cb18ec89ba2b64b3b84972828615b885229d4ffc7c4470afc.podspec

SPEC CHECKSUMS:
  StripeTerminal: abcbd82f5a18af764aa692161021f1381fa35f2b

PODFILE CHECKSUM: 5d0dc5cf6abab1f613bdc8c4f8e08feacd7842b4

COCOAPODS: 1.11.3
